
Microsoft Visual Studio Solution File, Format Version 12.00
# Visual Studio Version 16
VisualStudioVersion = 16.0.31613.86
MinimumVisualStudioVersion = 10.0.40219.1
Project("{2150E333-8FDC-42A3-9474-1A3956D46DE8}") = "ShopManagement", "ShopManagement", "{5CCAF07A-9EE3-4351-AEB1-042B0ED5950C}"
EndProject
Project("{2150E333-8FDC-42A3-9474-1A3956D46DE8}") = "SM.Domain", "SM.Domain", "{66530C1F-F695-4CB1-A1A0-F5D307652C9A}"
EndProject
Project("{9A19103F-16F7-4668-BE54-9A1E7A4F7556}") = "ShopManagement.Domain", "ShopManagement.Domain\ShopManagement.Domain.csproj", "{E4608BEC-F820-4E18-8261-0A16D1FA7D78}"
EndProject
Project("{9A19103F-16F7-4668-BE54-9A1E7A4F7556}") = "0_Framework", "0_Framework\0_Framework.csproj", "{694C3116-8CD8-4499-A0F7-A69A396BB29C}"
EndProject
Project("{2150E333-8FDC-42A3-9474-1A3956D46DE8}") = "SM.Application", "SM.Application", "{D9CC1310-03E3-4FB0-9CAC-4322701F7C99}"
EndProject
Project("{9A19103F-16F7-4668-BE54-9A1E7A4F7556}") = "ShopManagement.Application.Contracts", "ShopManagement.Application.Contracts\ShopManagement.Application.Contracts.csproj", "{C49CAFFC-36DD-4990-A8C1-D5968E3FAFEF}"
EndProject
Project("{9A19103F-16F7-4668-BE54-9A1E7A4F7556}") = "ShopManagement.Application", "ShopManagement.Application\ShopManagement.Application.csproj", "{231964D5-67E2-44A9-B7DD-1E1D50429098}"
EndProject
Project("{2150E333-8FDC-42A3-9474-1A3956D46DE8}") = "SM.Infrastructure", "SM.Infrastructure", "{7ED542AB-42C0-4E11-9E19-9CA5EA8700F6}"
EndProject
Project("{9A19103F-16F7-4668-BE54-9A1E7A4F7556}") = "ShopManagement.Infrastructure.EFCore", "ShopManagement.Infrastructure.EFCore\ShopManagement.Infrastructure.EFCore.csproj", "{E65C0A0F-BAAB-4E2F-A544-CC7792B9BFC0}"
EndProject
Project("{9A19103F-16F7-4668-BE54-9A1E7A4F7556}") = "ShopManagement.Configuration", "ShopManagement.Configuration\ShopManagement.Configuration.csproj", "{375D04FC-F97E-4BB9-83CD-4061C8ADBC7B}"
EndProject
Project("{9A19103F-16F7-4668-BE54-9A1E7A4F7556}") = "ServiceHost", "ServiceHost\ServiceHost.csproj", "{D6C5D727-215F-42F9-8492-AA7B7A42A57C}"
EndProject
Project("{9A19103F-16F7-4668-BE54-9A1E7A4F7556}") = "01_Query", "01_Query\01_Query.csproj", "{9FEF1171-FBF5-4B41-B4BE-456B1AAD0556}"
EndProject
Project("{2150E333-8FDC-42A3-9474-1A3956D46DE8}") = "DM.Domain", "DM.Domain", "{F7622EAE-514B-48A8-AFF6-729F974B449E}"
EndProject
Project("{9A19103F-16F7-4668-BE54-9A1E7A4F7556}") = "DiscountManagement.Domain", "DM.Domain\DiscountManagement.Domain.csproj", "{451B90DE-992A-40AC-90F3-0C80AC6EFD3C}"
EndProject
Project("{2150E333-8FDC-42A3-9474-1A3956D46DE8}") = "DiscountManagement", "DiscountManagement", "{5D8BED8D-1FF1-456A-8F6A-F992E007AA98}"
EndProject
Project("{2150E333-8FDC-42A3-9474-1A3956D46DE8}") = "DM.Application", "DM.Application", "{20954DA7-9F6B-448A-9796-200BA49FDABE}"
EndProject
Project("{9A19103F-16F7-4668-BE54-9A1E7A4F7556}") = "DiscountManagement.Application.Contract", "DiscountManagement.Application.Contract\DiscountManagement.Application.Contract.csproj", "{44935D78-6B69-4C54-A265-189837B5B7CB}"
EndProject
Project("{9A19103F-16F7-4668-BE54-9A1E7A4F7556}") = "DiscountManagement.Application", "DiscountManagement.Application\DiscountManagement.Application.csproj", "{5DC0E7EC-862E-4FFB-A549-63111006E471}"
EndProject
Project("{2150E333-8FDC-42A3-9474-1A3956D46DE8}") = "DM.Infrastructure", "DM.Infrastructure", "{26F06F06-DA62-454B-8819-B65DC2D0A59C}"
EndProject
Project("{9A19103F-16F7-4668-BE54-9A1E7A4F7556}") = "DiscountManagement.Infrastructure.EFCore", "DiscountManagement.Infrastructure.EFCore\DiscountManagement.Infrastructure.EFCore.csproj", "{ABD513E7-E673-4212-AC9F-9BB05AC823B1}"
EndProject
Project("{9A19103F-16F7-4668-BE54-9A1E7A4F7556}") = "DiscountManagement.Configuration", "DiscountManagement.Configoration\DiscountManagement.Configuration.csproj", "{1A5B5CD0-2E51-4217-8F2B-E864F176EA26}"
EndProject
Project("{2150E333-8FDC-42A3-9474-1A3956D46DE8}") = "InventoryManagement", "InventoryManagement", "{5ECE366F-7D02-490B-A1FC-C1D6D8F33E94}"
EndProject
Project("{2150E333-8FDC-42A3-9474-1A3956D46DE8}") = "IM.Domain", "IM.Domain", "{C4358448-1815-4441-AD96-8B13781B4697}"
EndProject
Project("{9A19103F-16F7-4668-BE54-9A1E7A4F7556}") = "InventoryManagement.Domain", "InventoryManagement.Domain\InventoryManagement.Domain.csproj", "{13D61F1A-03EF-4662-BEC8-EB083C9D464C}"
EndProject
Project("{2150E333-8FDC-42A3-9474-1A3956D46DE8}") = "IM.Application", "IM.Application", "{C8D0C847-B6EF-424E-AECE-0AFEB13E0484}"
EndProject
Project("{9A19103F-16F7-4668-BE54-9A1E7A4F7556}") = "InventoryManagement.Application.Contract", "InventoryManagement.Application.Contract\InventoryManagement.Application.Contract.csproj", "{161A510B-0669-43D5-B7AB-83788A6ED61F}"
EndProject
Project("{2150E333-8FDC-42A3-9474-1A3956D46DE8}") = "IM.Infrastructure", "IM.Infrastructure", "{54E11770-77C5-47C1-BEA2-AC65B39E536D}"
EndProject
Project("{9A19103F-16F7-4668-BE54-9A1E7A4F7556}") = "InventoryManagement.Infrastructure.EFCore", "InventoryManagement.Infrostructure.EFCore\InventoryManagement.Infrastructure.EFCore.csproj", "{1DC3A742-9BA2-4802-8A1C-80E2935B6F10}"
EndProject
Project("{9A19103F-16F7-4668-BE54-9A1E7A4F7556}") = "InventoryManagement.Infrastructure.Configuration", "InventoryManagement.Infrastructure.Configuration\InventoryManagement.Infrastructure.Configuration.csproj", "{EE24DEA3-19F4-4B7E-A4CD-006BEED6BDAF}"
EndProject
Project("{9A19103F-16F7-4668-BE54-9A1E7A4F7556}") = "InventoryManagement.Application", "InventoryManagement.Application\InventoryManagement.Application.csproj", "{4A31B892-26E8-40C0-BFBE-5253E3906800}"
EndProject
Global
	GlobalSection(SolutionConfigurationPlatforms) = preSolution
		Debug|Any CPU = Debug|Any CPU
		Release|Any CPU = Release|Any CPU
	EndGlobalSection
	GlobalSection(ProjectConfigurationPlatforms) = postSolution
		{E4608BEC-F820-4E18-8261-0A16D1FA7D78}.Debug|Any CPU.ActiveCfg = Debug|Any CPU
		{E4608BEC-F820-4E18-8261-0A16D1FA7D78}.Debug|Any CPU.Build.0 = Debug|Any CPU
		{E4608BEC-F820-4E18-8261-0A16D1FA7D78}.Release|Any CPU.ActiveCfg = Release|Any CPU
		{E4608BEC-F820-4E18-8261-0A16D1FA7D78}.Release|Any CPU.Build.0 = Release|Any CPU
		{694C3116-8CD8-4499-A0F7-A69A396BB29C}.Debug|Any CPU.ActiveCfg = Debug|Any CPU
		{694C3116-8CD8-4499-A0F7-A69A396BB29C}.Debug|Any CPU.Build.0 = Debug|Any CPU
		{694C3116-8CD8-4499-A0F7-A69A396BB29C}.Release|Any CPU.ActiveCfg = Release|Any CPU
		{694C3116-8CD8-4499-A0F7-A69A396BB29C}.Release|Any CPU.Build.0 = Release|Any CPU
		{C49CAFFC-36DD-4990-A8C1-D5968E3FAFEF}.Debug|Any CPU.ActiveCfg = Debug|Any CPU
		{C49CAFFC-36DD-4990-A8C1-D5968E3FAFEF}.Debug|Any CPU.Build.0 = Debug|Any CPU
		{C49CAFFC-36DD-4990-A8C1-D5968E3FAFEF}.Release|Any CPU.ActiveCfg = Release|Any CPU
		{C49CAFFC-36DD-4990-A8C1-D5968E3FAFEF}.Release|Any CPU.Build.0 = Release|Any CPU
		{231964D5-67E2-44A9-B7DD-1E1D50429098}.Debug|Any CPU.ActiveCfg = Debug|Any CPU
		{231964D5-67E2-44A9-B7DD-1E1D50429098}.Debug|Any CPU.Build.0 = Debug|Any CPU
		{231964D5-67E2-44A9-B7DD-1E1D50429098}.Release|Any CPU.ActiveCfg = Release|Any CPU
		{231964D5-67E2-44A9-B7DD-1E1D50429098}.Release|Any CPU.Build.0 = Release|Any CPU
		{E65C0A0F-BAAB-4E2F-A544-CC7792B9BFC0}.Debug|Any CPU.ActiveCfg = Debug|Any CPU
		{E65C0A0F-BAAB-4E2F-A544-CC7792B9BFC0}.Debug|Any CPU.Build.0 = Debug|Any CPU
		{E65C0A0F-BAAB-4E2F-A544-CC7792B9BFC0}.Release|Any CPU.ActiveCfg = Release|Any CPU
		{E65C0A0F-BAAB-4E2F-A544-CC7792B9BFC0}.Release|Any CPU.Build.0 = Release|Any CPU
		{375D04FC-F97E-4BB9-83CD-4061C8ADBC7B}.Debug|Any CPU.ActiveCfg = Debug|Any CPU
		{375D04FC-F97E-4BB9-83CD-4061C8ADBC7B}.Debug|Any CPU.Build.0 = Debug|Any CPU
		{375D04FC-F97E-4BB9-83CD-4061C8ADBC7B}.Release|Any CPU.ActiveCfg = Release|Any CPU
		{375D04FC-F97E-4BB9-83CD-4061C8ADBC7B}.Release|Any CPU.Build.0 = Release|Any CPU
		{D6C5D727-215F-42F9-8492-AA7B7A42A57C}.Debug|Any CPU.ActiveCfg = Debug|Any CPU
		{D6C5D727-215F-42F9-8492-AA7B7A42A57C}.Debug|Any CPU.Build.0 = Debug|Any CPU
		{D6C5D727-215F-42F9-8492-AA7B7A42A57C}.Release|Any CPU.ActiveCfg = Release|Any CPU
		{D6C5D727-215F-42F9-8492-AA7B7A42A57C}.Release|Any CPU.Build.0 = Release|Any CPU
		{9FEF1171-FBF5-4B41-B4BE-456B1AAD0556}.Debug|Any CPU.ActiveCfg = Debug|Any CPU
		{9FEF1171-FBF5-4B41-B4BE-456B1AAD0556}.Debug|Any CPU.Build.0 = Debug|Any CPU
		{9FEF1171-FBF5-4B41-B4BE-456B1AAD0556}.Release|Any CPU.ActiveCfg = Release|Any CPU
		{9FEF1171-FBF5-4B41-B4BE-456B1AAD0556}.Release|Any CPU.Build.0 = Release|Any CPU
		{451B90DE-992A-40AC-90F3-0C80AC6EFD3C}.Debug|Any CPU.ActiveCfg = Debug|Any CPU
		{451B90DE-992A-40AC-90F3-0C80AC6EFD3C}.Debug|Any CPU.Build.0 = Debug|Any CPU
		{451B90DE-992A-40AC-90F3-0C80AC6EFD3C}.Release|Any CPU.ActiveCfg = Release|Any CPU
		{451B90DE-992A-40AC-90F3-0C80AC6EFD3C}.Release|Any CPU.Build.0 = Release|Any CPU
		{44935D78-6B69-4C54-A265-189837B5B7CB}.Debug|Any CPU.ActiveCfg = Debug|Any CPU
		{44935D78-6B69-4C54-A265-189837B5B7CB}.Debug|Any CPU.Build.0 = Debug|Any CPU
		{44935D78-6B69-4C54-A265-189837B5B7CB}.Release|Any CPU.ActiveCfg = Release|Any CPU
		{44935D78-6B69-4C54-A265-189837B5B7CB}.Release|Any CPU.Build.0 = Release|Any CPU
		{5DC0E7EC-862E-4FFB-A549-63111006E471}.Debug|Any CPU.ActiveCfg = Debug|Any CPU
		{5DC0E7EC-862E-4FFB-A549-63111006E471}.Debug|Any CPU.Build.0 = Debug|Any CPU
		{5DC0E7EC-862E-4FFB-A549-63111006E471}.Release|Any CPU.ActiveCfg = Release|Any CPU
		{5DC0E7EC-862E-4FFB-A549-63111006E471}.Release|Any CPU.Build.0 = Release|Any CPU
		{ABD513E7-E673-4212-AC9F-9BB05AC823B1}.Debug|Any CPU.ActiveCfg = Debug|Any CPU
		{ABD513E7-E673-4212-AC9F-9BB05AC823B1}.Debug|Any CPU.Build.0 = Debug|Any CPU
		{ABD513E7-E673-4212-AC9F-9BB05AC823B1}.Release|Any CPU.ActiveCfg = Release|Any CPU
		{ABD513E7-E673-4212-AC9F-9BB05AC823B1}.Release|Any CPU.Build.0 = Release|Any CPU
		{1A5B5CD0-2E51-4217-8F2B-E864F176EA26}.Debug|Any CPU.ActiveCfg = Debug|Any CPU
		{1A5B5CD0-2E51-4217-8F2B-E864F176EA26}.Debug|Any CPU.Build.0 = Debug|Any CPU
		{1A5B5CD0-2E51-4217-8F2B-E864F176EA26}.Release|Any CPU.ActiveCfg = Release|Any CPU
		{1A5B5CD0-2E51-4217-8F2B-E864F176EA26}.Release|Any CPU.Build.0 = Release|Any CPU
		{13D61F1A-03EF-4662-BEC8-EB083C9D464C}.Debug|Any CPU.ActiveCfg = Debug|Any CPU
		{13D61F1A-03EF-4662-BEC8-EB083C9D464C}.Debug|Any CPU.Build.0 = Debug|Any CPU
		{13D61F1A-03EF-4662-BEC8-EB083C9D464C}.Release|Any CPU.ActiveCfg = Release|Any CPU
		{13D61F1A-03EF-4662-BEC8-EB083C9D464C}.Release|Any CPU.Build.0 = Release|Any CPU
		{161A510B-0669-43D5-B7AB-83788A6ED61F}.Debug|Any CPU.ActiveCfg = Debug|Any CPU
		{161A510B-0669-43D5-B7AB-83788A6ED61F}.Debug|Any CPU.Build.0 = Debug|Any CPU
		{161A510B-0669-43D5-B7AB-83788A6ED61F}.Release|Any CPU.ActiveCfg = Release|Any CPU
		{161A510B-0669-43D5-B7AB-83788A6ED61F}.Release|Any CPU.Build.0 = Release|Any CPU
		{1DC3A742-9BA2-4802-8A1C-80E2935B6F10}.Debug|Any CPU.ActiveCfg = Debug|Any CPU
		{1DC3A742-9BA2-4802-8A1C-80E2935B6F10}.Debug|Any CPU.Build.0 = Debug|Any CPU
		{1DC3A742-9BA2-4802-8A1C-80E2935B6F10}.Release|Any CPU.ActiveCfg = Release|Any CPU
		{1DC3A742-9BA2-4802-8A1C-80E2935B6F10}.Release|Any CPU.Build.0 = Release|Any CPU
		{EE24DEA3-19F4-4B7E-A4CD-006BEED6BDAF}.Debug|Any CPU.ActiveCfg = Debug|Any CPU
		{EE24DEA3-19F4-4B7E-A4CD-006BEED6BDAF}.Debug|Any CPU.Build.0 = Debug|Any CPU
		{EE24DEA3-19F4-4B7E-A4CD-006BEED6BDAF}.Release|Any CPU.ActiveCfg = Release|Any CPU
		{EE24DEA3-19F4-4B7E-A4CD-006BEED6BDAF}.Release|Any CPU.Build.0 = Release|Any CPU
		{4A31B892-26E8-40C0-BFBE-5253E3906800}.Debug|Any CPU.ActiveCfg = Debug|Any CPU
		{4A31B892-26E8-40C0-BFBE-5253E3906800}.Debug|Any CPU.Build.0 = Debug|Any CPU
		{4A31B892-26E8-40C0-BFBE-5253E3906800}.Release|Any CPU.ActiveCfg = Release|Any CPU
		{4A31B892-26E8-40C0-BFBE-5253E3906800}.Release|Any CPU.Build.0 = Release|Any CPU
	EndGlobalSection
	GlobalSection(SolutionProperties) = preSolution
		HideSolutionNode = FALSE
	EndGlobalSection
	GlobalSection(NestedProjects) = preSolution
		{66530C1F-F695-4CB1-A1A0-F5D307652C9A} = {5CCAF07A-9EE3-4351-AEB1-042B0ED5950C}
		{E4608BEC-F820-4E18-8261-0A16D1FA7D78} = {66530C1F-F695-4CB1-A1A0-F5D307652C9A}
		{D9CC1310-03E3-4FB0-9CAC-4322701F7C99} = {5CCAF07A-9EE3-4351-AEB1-042B0ED5950C}
		{C49CAFFC-36DD-4990-A8C1-D5968E3FAFEF} = {D9CC1310-03E3-4FB0-9CAC-4322701F7C99}
		{231964D5-67E2-44A9-B7DD-1E1D50429098} = {D9CC1310-03E3-4FB0-9CAC-4322701F7C99}
		{7ED542AB-42C0-4E11-9E19-9CA5EA8700F6} = {5CCAF07A-9EE3-4351-AEB1-042B0ED5950C}
		{E65C0A0F-BAAB-4E2F-A544-CC7792B9BFC0} = {7ED542AB-42C0-4E11-9E19-9CA5EA8700F6}
		{375D04FC-F97E-4BB9-83CD-4061C8ADBC7B} = {7ED542AB-42C0-4E11-9E19-9CA5EA8700F6}
		{F7622EAE-514B-48A8-AFF6-729F974B449E} = {5D8BED8D-1FF1-456A-8F6A-F992E007AA98}
		{451B90DE-992A-40AC-90F3-0C80AC6EFD3C} = {F7622EAE-514B-48A8-AFF6-729F974B449E}
		{20954DA7-9F6B-448A-9796-200BA49FDABE} = {5D8BED8D-1FF1-456A-8F6A-F992E007AA98}
		{44935D78-6B69-4C54-A265-189837B5B7CB} = {20954DA7-9F6B-448A-9796-200BA49FDABE}
		{5DC0E7EC-862E-4FFB-A549-63111006E471} = {20954DA7-9F6B-448A-9796-200BA49FDABE}
		{26F06F06-DA62-454B-8819-B65DC2D0A59C} = {5D8BED8D-1FF1-456A-8F6A-F992E007AA98}
		{ABD513E7-E673-4212-AC9F-9BB05AC823B1} = {26F06F06-DA62-454B-8819-B65DC2D0A59C}
		{1A5B5CD0-2E51-4217-8F2B-E864F176EA26} = {26F06F06-DA62-454B-8819-B65DC2D0A59C}
		{C4358448-1815-4441-AD96-8B13781B4697} = {5ECE366F-7D02-490B-A1FC-C1D6D8F33E94}
		{13D61F1A-03EF-4662-BEC8-EB083C9D464C} = {C4358448-1815-4441-AD96-8B13781B4697}
		{C8D0C847-B6EF-424E-AECE-0AFEB13E0484} = {5ECE366F-7D02-490B-A1FC-C1D6D8F33E94}
		{161A510B-0669-43D5-B7AB-83788A6ED61F} = {C8D0C847-B6EF-424E-AECE-0AFEB13E0484}
		{54E11770-77C5-47C1-BEA2-AC65B39E536D} = {5ECE366F-7D02-490B-A1FC-C1D6D8F33E94}
		{1DC3A742-9BA2-4802-8A1C-80E2935B6F10} = {54E11770-77C5-47C1-BEA2-AC65B39E536D}
		{EE24DEA3-19F4-4B7E-A4CD-006BEED6BDAF} = {54E11770-77C5-47C1-BEA2-AC65B39E536D}
		{4A31B892-26E8-40C0-BFBE-5253E3906800} = {C8D0C847-B6EF-424E-AECE-0AFEB13E0484}
	EndGlobalSection
	GlobalSection(ExtensibilityGlobals) = postSolution
		SolutionGuid = {EE508127-4432-4A7D-9BD7-D8A08385CD7B}
	EndGlobalSection
EndGlobal
